
Microsoft Visual Studio Solution File, Format Version 12.00
# Visual Studio 14
VisualStudioVersion = 14.0.23107.0
MinimumVisualStudioVersion = 10.0.40219.1
Project("{FAE04EC0-301F-11D3-BF4B-00C04F79EFBC}") = "RestaurantManager.universalwindows", "RestaurantManager.universalwindows\RestaurantManager.universalwindows.csproj", "{8B984F4C-FF28-4FDC-8E62-341AA84FDD4D}"
EndProject
Project("{FAE04EC0-301F-11D3-BF4B-00C04F79EFBC}") = "RestaurantManager.Models", "RestaurantManager.Models\RestaurantManager.Models.csproj", "{820CC462-8B18-44D9-943F-407AC1D941AE}"
EndProject
Global
	GlobalSection(SolutionConfigurationPlatforms) = preSolution
		Debug|Any CPU = Debug|Any CPU
		Debug|ARM = Debug|ARM
		Debug|x64 = Debug|x64
		Debug|x86 = Debug|x86
		Release|Any CPU = Release|Any CPU
		Release|ARM = Release|ARM
		Release|x64 = Release|x64
		Release|x86 = Release|x86
	EndGlobalSection
	GlobalSection(ProjectConfigurationPlatforms) = postSolution
		{8B984F4C-FF28-4FDC-8E62-341AA84FDD4D}.Debug|Any CPU.ActiveCfg = Debug|x86
		{8B984F4C-FF28-4FDC-8E62-341AA84FDD4D}.Debug|ARM.ActiveCfg = Debug|ARM
		{8B984F4C-FF28-4FDC-8E62-341AA84FDD4D}.Debug|ARM.Build.0 = Debug|ARM
		{8B984F4C-FF28-4FDC-8E62-341AA84FDD4D}.Debug|ARM.Deploy.0 = Debug|ARM
		{8B984F4C-FF28-4FDC-8E62-341AA84FDD4D}.Debug|x64.ActiveCfg = Debug|x64
		{8B984F4C-FF28-4FDC-8E62-341AA84FDD4D}.Debug|x64.Build.0 = Debug|x64
		{8B984F4C-FF28-4FDC-8E62-341AA84FDD4D}.Debug|x64.Deploy.0 = Debug|x64
		{8B984F4C-FF28-4FDC-8E62-341AA84FDD4D}.Debug|x86.ActiveCfg = Debug|x86
		{8B984F4C-FF28-4FDC-8E62-341AA84FDD4D}.Debug|x86.Build.0 = Debug|x86
		{8B984F4C-FF28-4FDC-8E62-341AA84FDD4D}.Debug|x86.Deploy.0 = Debug|x86
		{8B984F4C-FF28-4FDC-8E62-341AA84FDD4D}.Release|Any CPU.ActiveCfg = Release|x86
		{8B984F4C-FF28-4FDC-8E62-341AA84FDD4D}.Release|ARM.ActiveCfg = Release|ARM
		{8B984F4C-FF28-4FDC-8E62-341AA84FDD4D}.Release|ARM.Build.0 = Release|ARM
		{8B984F4C-FF28-4FDC-8E62-341AA84FDD4D}.Release|ARM.Deploy.0 = Release|ARM
		{8B984F4C-FF28-4FDC-8E62-341AA84FDD4D}.Release|x64.ActiveCfg = Release|x64
		{8B984F4C-FF28-4FDC-8E62-341AA84FDD4D}.Release|x64.Build.0 = Release|x64
		{8B984F4C-FF28-4FDC-8E62-341AA84FDD4D}.Release|x64.Deploy.0 = Release|x64
		{8B984F4C-FF28-4FDC-8E62-341AA84FDD4D}.Release|x86.ActiveCfg = Release|x86
		{8B984F4C-FF28-4FDC-8E62-341AA84FDD4D}.Release|x86.Build.0 = Release|x86
		{8B984F4C-FF28-4FDC-8E62-341AA84FDD4D}.Release|x86.Deploy.0 = Release|x86
		{820CC462-8B18-44D9-943F-407AC1D941AE}.Debug|Any CPU.ActiveCfg = Debug|Any CPU
		{820CC462-8B18-44D9-943F-407AC1D941AE}.Debug|Any CPU.Build.0 = Debug|Any CPU
		{820CC462-8B18-44D9-943F-407AC1D941AE}.Debug|ARM.ActiveCfg = Debug|ARM
		{820CC462-8B18-44D9-943F-407AC1D941AE}.Debug|ARM.Build.0 = Debug|ARM
		{820CC462-8B18-44D9-943F-407AC1D941AE}.Debug|x64.ActiveCfg = Debug|x64
		{820CC462-8B18-44D9-943F-407AC1D941AE}.Debug|x64.Build.0 = Debug|x64
		{820CC462-8B18-44D9-943F-407AC1D941AE}.Debug|x86.ActiveCfg = Debug|x86
		{820CC462-8B18-44D9-943F-407AC1D941AE}.Debug|x86.Build.0 = Debug|x86
		{820CC462-8B18-44D9-943F-407AC1D941AE}.Release|Any CPU.ActiveCfg = Release|Any CPU
		{820CC462-8B18-44D9-943F-407AC1D941AE}.Release|Any CPU.Build.0 = Release|Any CPU
		{820CC462-8B18-44D9-943F-407AC1D941AE}.Release|ARM.ActiveCfg = Release|ARM
		{820CC462-8B18-44D9-943F-407AC1D941AE}.Release|ARM.Build.0 = Release|ARM
		{820CC462-8B18-44D9-943F-407AC1D941AE}.Release|x64.ActiveCfg = Release|x64
		{820CC462-8B18-44D9-943F-407AC1D941AE}.Release|x64.Build.0 = Release|x64
		{820CC462-8B18-44D9-943F-407AC1D941AE}.Release|x86.ActiveCfg = Release|x86
		{820CC462-8B18-44D9-943F-407AC1D941AE}.Release|x86.Build.0 = Release|x86
	EndGlobalSection
	GlobalSection(SolutionProperties) = preSolution
		HideSolutionNode = FALSE
	EndGlobalSection
EndGlobal
